
Microsoft Visual Studio Solution File, Format Version 12.00
# Visual Studio 2012
Project("{FAE04EC0-301F-11D3-BF4B-00C04F79EFBC}") = "Maze", "Maze.csproj", "{6A07FE3A-7233-429A-A676-29B827751E26}"
EndProject
Project("{FAE04EC0-301F-11D3-BF4B-00C04F79EFBC}") = "MazeTests", "MazeTests\MazeTests.csproj", "{65E4F8EE-50C6-49DA-B477-D6416EE80B86}"
EndProject
Global
	GlobalSection(SolutionConfigurationPlatforms) = preSolution
		Debug|Any CPU = Debug|Any CPU
		Release|Any CPU = Release|Any CPU
	EndGlobalSection
	GlobalSection(ProjectConfigurationPlatforms) = postSolution
		{6A07FE3A-7233-429A-A676-29B827751E26}.Debug|Any CPU.ActiveCfg = Debug|Any CPU
		{6A07FE3A-7233-429A-A676-29B827751E26}.Debug|Any CPU.Build.0 = Debug|Any CPU
		{6A07FE3A-7233-429A-A676-29B827751E26}.Release|Any CPU.ActiveCfg = Release|Any CPU
		{6A07FE3A-7233-429A-A676-29B827751E26}.Release|Any CPU.Build.0 = Release|Any CPU
		{65E4F8EE-50C6-49DA-B477-D6416EE80B86}.Debug|Any CPU.ActiveCfg = Debug|Any CPU
		{65E4F8EE-50C6-49DA-B477-D6416EE80B86}.Debug|Any CPU.Build.0 = Debug|Any CPU
		{65E4F8EE-50C6-49DA-B477-D6416EE80B86}.Release|Any CPU.ActiveCfg = Release|Any CPU
		{65E4F8EE-50C6-49DA-B477-D6416EE80B86}.Release|Any CPU.Build.0 = Release|Any CPU
	EndGlobalSection
EndGlobal
